{
  "pins" : [
    {
      "identity" : "permissionsswiftui",
      "kind" : "remoteSourceControl",
      "location" : "https://github.com/jevonmao/PermissionsSwiftUI",
      "state" : {
        "revision" : "e80b54018c24fe9859c6b7fff0cae489f599ed01",
        "version" : "1.5.7"
      }
    },
    {
      "identity" : "swiftui-introspect",
      "kind" : "remoteSourceControl",
      "location" : "https://github.com/siteline/SwiftUI-Introspect",
      "state" : {
        "revision" : "adb9e7a69fd75322dcdee0c20f2fb6640d6f0087",
        "version" : "0.9.0"
      }
    }
  ],
  "version" : 2
}
